
Microsoft Visual Studio Solution File, Format Version 12.00
# Visual Studio Version 17
VisualStudioVersion = 17.8.34525.116
MinimumVisualStudioVersion = 10.0.40219.1
Project("{FAE04EC0-301F-11D3-BF4B-00C04F79EFBC}") = "Workaround", "Workaround\Workaround.csproj", "{191CF7DF-4400-49A2-8DD9-74F3B9DB99EA}"
EndProject
Project("{FAE04EC0-301F-11D3-BF4B-00C04F79EFBC}") = "Entities", "Entities\Entities.csproj", "{74FC9CF0-02C8-42B5-9E61-46E87F5F6299}"
EndProject
Project("{FAE04EC0-301F-11D3-BF4B-00C04F79EFBC}") = "Business", "Business\Business.csproj", "{74DE1438-7D9C-4C98-A4F2-6F67C4D502CB}"
EndProject
Global
	GlobalSection(SolutionConfigurationPlatforms) = preSolution
		Debug|Any CPU = Debug|Any CPU
		Release|Any CPU = Release|Any CPU
	EndGlobalSection
	GlobalSection(ProjectConfigurationPlatforms) = postSolution
		{191CF7DF-4400-49A2-8DD9-74F3B9DB99EA}.Debug|Any CPU.ActiveCfg = Debug|Any CPU
		{191CF7DF-4400-49A2-8DD9-74F3B9DB99EA}.Debug|Any CPU.Build.0 = Debug|Any CPU
		{191CF7DF-4400-49A2-8DD9-74F3B9DB99EA}.Release|Any CPU.ActiveCfg = Release|Any CPU
		{191CF7DF-4400-49A2-8DD9-74F3B9DB99EA}.Release|Any CPU.Build.0 = Release|Any CPU
		{74FC9CF0-02C8-42B5-9E61-46E87F5F6299}.Debug|Any CPU.ActiveCfg = Debug|Any CPU
		{74FC9CF0-02C8-42B5-9E61-46E87F5F6299}.Debug|Any CPU.Build.0 = Debug|Any CPU
		{74FC9CF0-02C8-42B5-9E61-46E87F5F6299}.Release|Any CPU.ActiveCfg = Release|Any CPU
		{74FC9CF0-02C8-42B5-9E61-46E87F5F6299}.Release|Any CPU.Build.0 = Release|Any CPU
		{74DE1438-7D9C-4C98-A4F2-6F67C4D502CB}.Debug|Any CPU.ActiveCfg = Debug|Any CPU
		{74DE1438-7D9C-4C98-A4F2-6F67C4D502CB}.Debug|Any CPU.Build.0 = Debug|Any CPU
		{74DE1438-7D9C-4C98-A4F2-6F67C4D502CB}.Release|Any CPU.ActiveCfg = Release|Any CPU
		{74DE1438-7D9C-4C98-A4F2-6F67C4D502CB}.Release|Any CPU.Build.0 = Release|Any CPU
	EndGlobalSection
	GlobalSection(SolutionProperties) = preSolution
		HideSolutionNode = FALSE
	EndGlobalSection
	GlobalSection(ExtensibilityGlobals) = postSolution
		SolutionGuid = {5E087408-B9ED-499B-A950-1DED7586A189}
	EndGlobalSection
EndGlobal
